
Microsoft Visual Studio Solution File, Format Version 12.00
# Visual Studio Version 17
VisualStudioVersion = 17.11.35219.272
MinimumVisualStudioVersion = 10.0.40219.1
Project("{9A19103F-16F7-4668-BE54-9A1E7A4F7556}") = "Xelit3.Playground.Videogames.WebApi", "Xelit3.Playground.Videogames.WebApi\Xelit3.Playground.Videogames.WebApi.csproj", "{0D177233-8686-4D3F-B838-FA4ADCE43805}"
EndProject
Project("{E53339B2-1760-4266-BCC7-CA923CBCF16C}") = "docker-compose", "docker-compose.dcproj", "{EA9217AA-12AF-4CDC-A71D-72F545D58BF9}"
EndProject
Global
	GlobalSection(SolutionConfigurationPlatforms) = preSolution
		Debug|Any CPU = Debug|Any CPU
		Release|Any CPU = Release|Any CPU
	EndGlobalSection
	GlobalSection(ProjectConfigurationPlatforms) = postSolution
		{0D177233-8686-4D3F-B838-FA4ADCE43805}.Debug|Any CPU.ActiveCfg = Debug|Any CPU
		{0D177233-8686-4D3F-B838-FA4ADCE43805}.Debug|Any CPU.Build.0 = Debug|Any CPU
		{0D177233-8686-4D3F-B838-FA4ADCE43805}.Release|Any CPU.ActiveCfg = Release|Any CPU
		{0D177233-8686-4D3F-B838-FA4ADCE43805}.Release|Any CPU.Build.0 = Release|Any CPU
		{EA9217AA-12AF-4CDC-A71D-72F545D58BF9}.Debug|Any CPU.ActiveCfg = Debug|Any CPU
		{EA9217AA-12AF-4CDC-A71D-72F545D58BF9}.Debug|Any CPU.Build.0 = Debug|Any CPU
		{EA9217AA-12AF-4CDC-A71D-72F545D58BF9}.Release|Any CPU.ActiveCfg = Release|Any CPU
		{EA9217AA-12AF-4CDC-A71D-72F545D58BF9}.Release|Any CPU.Build.0 = Release|Any CPU
	EndGlobalSection
	GlobalSection(SolutionProperties) = preSolution
		HideSolutionNode = FALSE
	EndGlobalSection
	GlobalSection(ExtensibilityGlobals) = postSolution
		SolutionGuid = {2AFB8939-3BE9-4C54-9F0B-8DF6392A1254}
	EndGlobalSection
EndGlobal
